
Microsoft Visual Studio Solution File, Format Version 12.00
# Visual Studio 15
VisualStudioVersion = 15.0.27130.2036
MinimumVisualStudioVersion = 10.0.40219.1
Project("{FAE04EC0-301F-11D3-BF4B-00C04F79EFBC}") = "GPlanner.Android", "GPlanner\GPlanner.Android\GPlanner.Android.csproj", "{9391772C-2045-403E-BCB1-C4C7CA734D95}"
EndProject
Project("{FAE04EC0-301F-11D3-BF4B-00C04F79EFBC}") = "GPlanner.iOS", "GPlanner\GPlanner.iOS\GPlanner.iOS.csproj", "{3948B164-1737-42C0-B4F4-23187E004205}"
EndProject
Project("{FAE04EC0-301F-11D3-BF4B-00C04F79EFBC}") = "GPlanner.UWP", "GPlanner\GPlanner.UWP\GPlanner.UWP.csproj", "{8E725612-0C1B-4ECA-B73A-D9B5C0AD5D41}"
EndProject
Project("{D954291E-2A0B-460D-934E-DC6B0785DB48}") = "GPlanner", "GPlanner\GPlanner\GPlanner.shproj", "{AB0D2260-543D-4DC6-9D46-FA338E07ED69}"
EndProject
Global
	GlobalSection(SharedMSBuildProjectFiles) = preSolution
		GPlanner\GPlanner\GPlanner.projitems*{3948b164-1737-42c0-b4f4-23187e004205}*SharedItemsImports = 4
		GPlanner\GPlanner\GPlanner.projitems*{8e725612-0c1b-4eca-b73a-d9b5c0ad5d41}*SharedItemsImports = 4
		GPlanner\GPlanner\GPlanner.projitems*{9391772c-2045-403e-bcb1-c4c7ca734d95}*SharedItemsImports = 4
		GPlanner\GPlanner\GPlanner.projitems*{ab0d2260-543d-4dc6-9d46-fa338e07ed69}*SharedItemsImports = 13
	EndGlobalSection
	GlobalSection(SolutionConfigurationPlatforms) = preSolution
		Ad-Hoc|Any CPU = Ad-Hoc|Any CPU
		Ad-Hoc|ARM = Ad-Hoc|ARM
		Ad-Hoc|iPhone = Ad-Hoc|iPhone
		Ad-Hoc|iPhoneSimulator = Ad-Hoc|iPhoneSimulator
		Ad-Hoc|x64 = Ad-Hoc|x64
		Ad-Hoc|x86 = Ad-Hoc|x86
		AppStore|Any CPU = AppStore|Any CPU
		AppStore|ARM = AppStore|ARM
		AppStore|iPhone = AppStore|iPhone
		AppStore|iPhoneSimulator = AppStore|iPhoneSimulator
		AppStore|x64 = AppStore|x64
		AppStore|x86 = AppStore|x86
		Debug|Any CPU = Debug|Any CPU
		Debug|ARM = Debug|ARM
		Debug|iPhone = Debug|iPhone
		Debug|iPhoneSimulator = Debug|iPhoneSimulator
		Debug|x64 = Debug|x64
		Debug|x86 = Debug|x86
		Release|Any CPU = Release|Any CPU
		Release|ARM = Release|ARM
		Release|iPhone = Release|iPhone
		Release|iPhoneSimulator = Release|iPhoneSimulator
		Release|x64 = Release|x64
		Release|x86 = Release|x86
	EndGlobalSection
	GlobalSection(ProjectConfigurationPlatforms) = postSolution
		{9391772C-2045-403E-BCB1-C4C7CA734D95}.Ad-Hoc|Any CPU.ActiveCfg = Release|Any CPU
		{9391772C-2045-403E-BCB1-C4C7CA734D95}.Ad-Hoc|Any CPU.Build.0 = Release|Any CPU
		{9391772C-2045-403E-BCB1-C4C7CA734D95}.Ad-Hoc|Any CPU.Deploy.0 = Release|Any CPU
		{9391772C-2045-403E-BCB1-C4C7CA734D95}.Ad-Hoc|ARM.ActiveCfg = Release|Any CPU
		{9391772C-2045-403E-BCB1-C4C7CA734D95}.Ad-Hoc|ARM.Build.0 = Release|Any CPU
		{9391772C-2045-403E-BCB1-C4C7CA734D95}.Ad-Hoc|ARM.Deploy.0 = Release|Any CPU
		{9391772C-2045-403E-BCB1-C4C7CA734D95}.Ad-Hoc|iPhone.ActiveCfg = Release|Any CPU
		{9391772C-2045-403E-BCB1-C4C7CA734D95}.Ad-Hoc|iPhone.Build.0 = Release|Any CPU
		{9391772C-2045-403E-BCB1-C4C7CA734D95}.Ad-Hoc|iPhone.Deploy.0 = Release|Any CPU
		{9391772C-2045-403E-BCB1-C4C7CA734D95}.Ad-Hoc|iPhoneSimulator.ActiveCfg = Release|Any CPU
		{9391772C-2045-403E-BCB1-C4C7CA734D95}.Ad-Hoc|iPhoneSimulator.Build.0 = Release|Any CPU
		{9391772C-2045-403E-BCB1-C4C7CA734D95}.Ad-Hoc|iPhoneSimulator.Deploy.0 = Release|Any CPU
		{9391772C-2045-403E-BCB1-C4C7CA734D95}.Ad-Hoc|x64.ActiveCfg = Release|Any CPU
		{9391772C-2045-403E-BCB1-C4C7CA734D95}.Ad-Hoc|x64.Build.0 = Release|Any CPU
		{9391772C-2045-403E-BCB1-C4C7CA734D95}.Ad-Hoc|x64.Deploy.0 = Release|Any CPU
		{9391772C-2045-403E-BCB1-C4C7CA734D95}.Ad-Hoc|x86.ActiveCfg = Release|Any CPU
		{9391772C-2045-403E-BCB1-C4C7CA734D95}.Ad-Hoc|x86.Build.0 = Release|Any CPU
		{9391772C-2045-403E-BCB1-C4C7CA734D95}.Ad-Hoc|x86.Deploy.0 = Release|Any CPU
		{9391772C-2045-403E-BCB1-C4C7CA734D95}.AppStore|Any CPU.ActiveCfg = Release|Any CPU
		{9391772C-2045-403E-BCB1-C4C7CA734D95}.AppStore|Any CPU.Build.0 = Release|Any CPU
		{9391772C-2045-403E-BCB1-C4C7CA734D95}.AppStore|Any CPU.Deploy.0 = Release|Any CPU
		{9391772C-2045-403E-BCB1-C4C7CA734D95}.AppStore|ARM.ActiveCfg = Release|Any CPU
		{9391772C-2045-403E-BCB1-C4C7CA734D95}.AppStore|ARM.Build.0 = Release|Any CPU
		{9391772C-2045-403E-BCB1-C4C7CA734D95}.AppStore|ARM.Deploy.0 = Release|Any CPU
		{9391772C-2045-403E-BCB1-C4C7CA734D95}.AppStore|iPhone.ActiveCfg = Release|Any CPU
		{9391772C-2045-403E-BCB1-C4C7CA734D95}.AppStore|iPhone.Build.0 = Release|Any CPU
		{9391772C-2045-403E-BCB1-C4C7CA734D95}.AppStore|iPhone.Deploy.0 = Release|Any CPU
		{9391772C-2045-403E-BCB1-C4C7CA734D95}.AppStore|iPhoneSimulator.ActiveCfg = Release|Any CPU
		{9391772C-2045-403E-BCB1-C4C7CA734D95}.AppStore|iPhoneSimulator.Build.0 = Release|Any CPU
		{9391772C-2045-403E-BCB1-C4C7CA734D95}.AppStore|iPhoneSimulator.Deploy.0 = Release|Any CPU
		{9391772C-2045-403E-BCB1-C4C7CA734D95}.AppStore|x64.ActiveCfg = Release|Any CPU
		{9391772C-2045-403E-BCB1-C4C7CA734D95}.AppStore|x64.Build.0 = Release|Any CPU
		{9391772C-2045-403E-BCB1-C4C7CA734D95}.AppStore|x64.Deploy.0 = Release|Any CPU
		{9391772C-2045-403E-BCB1-C4C7CA734D95}.AppStore|x86.ActiveCfg = Release|Any CPU
		{9391772C-2045-403E-BCB1-C4C7CA734D95}.AppStore|x86.Build.0 = Release|Any CPU
		{9391772C-2045-403E-BCB1-C4C7CA734D95}.AppStore|x86.Deploy.0 = Release|Any CPU
		{9391772C-2045-403E-BCB1-C4C7CA734D95}.Debug|Any CPU.ActiveCfg = Debug|Any CPU
		{9391772C-2045-403E-BCB1-C4C7CA734D95}.Debug|Any CPU.Build.0 = Debug|Any CPU
		{9391772C-2045-403E-BCB1-C4C7CA734D95}.Debug|Any CPU.Deploy.0 = Debug|Any CPU
		{9391772C-2045-403E-BCB1-C4C7CA734D95}.Debug|ARM.ActiveCfg = Debug|Any CPU
		{9391772C-2045-403E-BCB1-C4C7CA734D95}.Debug|ARM.Build.0 = Debug|Any CPU
		{9391772C-2045-403E-BCB1-C4C7CA734D95}.Debug|ARM.Deploy.0 = Debug|Any CPU
		{9391772C-2045-403E-BCB1-C4C7CA734D95}.Debug|iPhone.ActiveCfg = Debug|Any CPU
		{9391772C-2045-403E-BCB1-C4C7CA734D95}.Debug|iPhone.Build.0 = Debug|Any CPU
		{9391772C-2045-403E-BCB1-C4C7CA734D95}.Debug|iPhone.Deploy.0 = Debug|Any CPU
		{9391772C-2045-403E-BCB1-C4C7CA734D95}.Debug|iPhoneSimulator.ActiveCfg = Debug|Any CPU
		{9391772C-2045-403E-BCB1-C4C7CA734D95}.Debug|iPhoneSimulator.Build.0 = Debug|Any CPU
		{9391772C-2045-403E-BCB1-C4C7CA734D95}.Debug|iPhoneSimulator.Deploy.0 = Debug|Any CPU
		{9391772C-2045-403E-BCB1-C4C7CA734D95}.Debug|x64.ActiveCfg = Debug|Any CPU
		{9391772C-2045-403E-BCB1-C4C7CA734D95}.Debug|x64.Build.0 = Debug|Any CPU
		{9391772C-2045-403E-BCB1-C4C7CA734D95}.Debug|x64.Deploy.0 = Debug|Any CPU
		{9391772C-2045-403E-BCB1-C4C7CA734D95}.Debug|x86.ActiveCfg = Debug|Any CPU
		{9391772C-2045-403E-BCB1-C4C7CA734D95}.Debug|x86.Build.0 = Debug|Any CPU
		{9391772C-2045-403E-BCB1-C4C7CA734D95}.Debug|x86.Deploy.0 = Debug|Any CPU
		{9391772C-2045-403E-BCB1-C4C7CA734D95}.Release|Any CPU.ActiveCfg = Release|Any CPU
		{9391772C-2045-403E-BCB1-C4C7CA734D95}.Release|Any CPU.Build.0 = Release|Any CPU
		{9391772C-2045-403E-BCB1-C4C7CA734D95}.Release|Any CPU.Deploy.0 = Release|Any CPU
		{9391772C-2045-403E-BCB1-C4C7CA734D95}.Release|ARM.ActiveCfg = Release|Any CPU
		{9391772C-2045-403E-BCB1-C4C7CA734D95}.Release|ARM.Build.0 = Release|Any CPU
		{9391772C-2045-403E-BCB1-C4C7CA734D95}.Release|ARM.Deploy.0 = Release|Any CPU
		{9391772C-2045-403E-BCB1-C4C7CA734D95}.Release|iPhone.ActiveCfg = Release|Any CPU
		{9391772C-2045-403E-BCB1-C4C7CA734D95}.Release|iPhone.Build.0 = Release|Any CPU
		{9391772C-2045-403E-BCB1-C4C7CA734D95}.Release|iPhone.Deploy.0 = Release|Any CPU
		{9391772C-2045-403E-BCB1-C4C7CA734D95}.Release|iPhoneSimulator.ActiveCfg = Release|Any CPU
		{9391772C-2045-403E-BCB1-C4C7CA734D95}.Release|iPhoneSimulator.Build.0 = Release|Any CPU
		{9391772C-2045-403E-BCB1-C4C7CA734D95}.Release|iPhoneSimulator.Deploy.0 = Release|Any CPU
		{9391772C-2045-403E-BCB1-C4C7CA734D95}.Release|x64.ActiveCfg = Release|Any CPU
		{9391772C-2045-403E-BCB1-C4C7CA734D95}.Release|x64.Build.0 = Release|Any CPU
		{9391772C-2045-403E-BCB1-C4C7CA734D95}.Release|x64.Deploy.0 = Release|Any CPU
		{9391772C-2045-403E-BCB1-C4C7CA734D95}.Release|x86.ActiveCfg = Release|Any CPU
		{9391772C-2045-403E-BCB1-C4C7CA734D95}.Release|x86.Build.0 = Release|Any CPU
		{9391772C-2045-403E-BCB1-C4C7CA734D95}.Release|x86.Deploy.0 = Release|Any CPU
		{3948B164-1737-42C0-B4F4-23187E004205}.Ad-Hoc|Any CPU.ActiveCfg = Ad-Hoc|iPhone
		{3948B164-1737-42C0-B4F4-23187E004205}.Ad-Hoc|ARM.ActiveCfg = Ad-Hoc|iPhone
		{3948B164-1737-42C0-B4F4-23187E004205}.Ad-Hoc|iPhone.ActiveCfg = Ad-Hoc|iPhone
		{3948B164-1737-42C0-B4F4-23187E004205}.Ad-Hoc|iPhone.Build.0 = Ad-Hoc|iPhone
		{3948B164-1737-42C0-B4F4-23187E004205}.Ad-Hoc|iPhoneSimulator.ActiveCfg = Ad-Hoc|iPhoneSimulator
		{3948B164-1737-42C0-B4F4-23187E004205}.Ad-Hoc|iPhoneSimulator.Build.0 = Ad-Hoc|iPhoneSimulator
		{3948B164-1737-42C0-B4F4-23187E004205}.Ad-Hoc|x64.ActiveCfg = Ad-Hoc|iPhone
		{3948B164-1737-42C0-B4F4-23187E004205}.Ad-Hoc|x86.ActiveCfg = Ad-Hoc|iPhone
		{3948B164-1737-42C0-B4F4-23187E004205}.AppStore|Any CPU.ActiveCfg = AppStore|iPhone
		{3948B164-1737-42C0-B4F4-23187E004205}.AppStore|ARM.ActiveCfg = AppStore|iPhone
		{3948B164-1737-42C0-B4F4-23187E004205}.AppStore|iPhone.ActiveCfg = AppStore|iPhone
		{3948B164-1737-42C0-B4F4-23187E004205}.AppStore|iPhone.Build.0 = AppStore|iPhone
		{3948B164-1737-42C0-B4F4-23187E004205}.AppStore|iPhoneSimulator.ActiveCfg = AppStore|iPhoneSimulator
		{3948B164-1737-42C0-B4F4-23187E004205}.AppStore|iPhoneSimulator.Build.0 = AppStore|iPhoneSimulator
		{3948B164-1737-42C0-B4F4-23187E004205}.AppStore|x64.ActiveCfg = AppStore|iPhone
		{3948B164-1737-42C0-B4F4-23187E004205}.AppStore|x86.ActiveCfg = AppStore|iPhone
		{3948B164-1737-42C0-B4F4-23187E004205}.Debug|Any CPU.ActiveCfg = Debug|iPhone
		{3948B164-1737-42C0-B4F4-23187E004205}.Debug|ARM.ActiveCfg = Debug|iPhone
		{3948B164-1737-42C0-B4F4-23187E004205}.Debug|iPhone.ActiveCfg = Debug|iPhone
		{3948B164-1737-42C0-B4F4-23187E004205}.Debug|iPhone.Build.0 = Debug|iPhone
		{3948B164-1737-42C0-B4F4-23187E004205}.Debug|iPhoneSimulator.ActiveCfg = Debug|iPhoneSimulator
		{3948B164-1737-42C0-B4F4-23187E004205}.Debug|iPhoneSimulator.Build.0 = Debug|iPhoneSimulator
		{3948B164-1737-42C0-B4F4-23187E004205}.Debug|x64.ActiveCfg = Debug|iPhone
		{3948B164-1737-42C0-B4F4-23187E004205}.Debug|x86.ActiveCfg = Debug|iPhone
		{3948B164-1737-42C0-B4F4-23187E004205}.Release|Any CPU.ActiveCfg = Release|iPhone
		{3948B164-1737-42C0-B4F4-23187E004205}.Release|ARM.ActiveCfg = Release|iPhone
		{3948B164-1737-42C0-B4F4-23187E004205}.Release|iPhone.ActiveCfg = Release|iPhone
		{3948B164-1737-42C0-B4F4-23187E004205}.Release|iPhone.Build.0 = Release|iPhone
		{3948B164-1737-42C0-B4F4-23187E004205}.Release|iPhoneSimulator.ActiveCfg = Release|iPhoneSimulator
		{3948B164-1737-42C0-B4F4-23187E004205}.Release|iPhoneSimulator.Build.0 = Release|iPhoneSimulator
		{3948B164-1737-42C0-B4F4-23187E004205}.Release|x64.ActiveCfg = Release|iPhone
		{3948B164-1737-42C0-B4F4-23187E004205}.Release|x86.ActiveCfg = Release|iPhone
		{8E725612-0C1B-4ECA-B73A-D9B5C0AD5D41}.Ad-Hoc|Any CPU.ActiveCfg = Release|x86
		{8E725612-0C1B-4ECA-B73A-D9B5C0AD5D41}.Ad-Hoc|Any CPU.Build.0 = Release|x86
		{8E725612-0C1B-4ECA-B73A-D9B5C0AD5D41}.Ad-Hoc|Any CPU.Deploy.0 = Release|x86
		{8E725612-0C1B-4ECA-B73A-D9B5C0AD5D41}.Ad-Hoc|ARM.ActiveCfg = Release|ARM
		{8E725612-0C1B-4ECA-B73A-D9B5C0AD5D41}.Ad-Hoc|ARM.Build.0 = Release|ARM
		{8E725612-0C1B-4ECA-B73A-D9B5C0AD5D41}.Ad-Hoc|ARM.Deploy.0 = Release|ARM
		{8E725612-0C1B-4ECA-B73A-D9B5C0AD5D41}.Ad-Hoc|iPhone.ActiveCfg = Release|x86
		{8E725612-0C1B-4ECA-B73A-D9B5C0AD5D41}.Ad-Hoc|iPhone.Build.0 = Release|x86
		{8E725612-0C1B-4ECA-B73A-D9B5C0AD5D41}.Ad-Hoc|iPhone.Deploy.0 = Release|x86
		{8E725612-0C1B-4ECA-B73A-D9B5C0AD5D41}.Ad-Hoc|iPhoneSimulator.ActiveCfg = Release|x86
		{8E725612-0C1B-4ECA-B73A-D9B5C0AD5D41}.Ad-Hoc|iPhoneSimulator.Build.0 = Release|x86
		{8E725612-0C1B-4ECA-B73A-D9B5C0AD5D41}.Ad-Hoc|iPhoneSimulator.Deploy.0 = Release|x86
		{8E725612-0C1B-4ECA-B73A-D9B5C0AD5D41}.Ad-Hoc|x64.ActiveCfg = Release|x64
		{8E725612-0C1B-4ECA-B73A-D9B5C0AD5D41}.Ad-Hoc|x64.Build.0 = Release|x64
		{8E725612-0C1B-4ECA-B73A-D9B5C0AD5D41}.Ad-Hoc|x64.Deploy.0 = Release|x64
		{8E725612-0C1B-4ECA-B73A-D9B5C0AD5D41}.Ad-Hoc|x86.ActiveCfg = Release|x86
		{8E725612-0C1B-4ECA-B73A-D9B5C0AD5D41}.Ad-Hoc|x86.Build.0 = Release|x86
		{8E725612-0C1B-4ECA-B73A-D9B5C0AD5D41}.Ad-Hoc|x86.Deploy.0 = Release|x86
		{8E725612-0C1B-4ECA-B73A-D9B5C0AD5D41}.AppStore|Any CPU.ActiveCfg = Release|x86
		{8E725612-0C1B-4ECA-B73A-D9B5C0AD5D41}.AppStore|Any CPU.Build.0 = Release|x86
		{8E725612-0C1B-4ECA-B73A-D9B5C0AD5D41}.AppStore|Any CPU.Deploy.0 = Release|x86
		{8E725612-0C1B-4ECA-B73A-D9B5C0AD5D41}.AppStore|ARM.ActiveCfg = Release|ARM
		{8E725612-0C1B-4ECA-B73A-D9B5C0AD5D41}.AppStore|ARM.Build.0 = Release|ARM
		{8E725612-0C1B-4ECA-B73A-D9B5C0AD5D41}.AppStore|ARM.Deploy.0 = Release|ARM
		{8E725612-0C1B-4ECA-B73A-D9B5C0AD5D41}.AppStore|iPhone.ActiveCfg = Release|x86
		{8E725612-0C1B-4ECA-B73A-D9B5C0AD5D41}.AppStore|iPhone.Build.0 = Release|x86
		{8E725612-0C1B-4ECA-B73A-D9B5C0AD5D41}.AppStore|iPhone.Deploy.0 = Release|x86
		{8E725612-0C1B-4ECA-B73A-D9B5C0AD5D41}.AppStore|iPhoneSimulator.ActiveCfg = Release|x86
		{8E725612-0C1B-4ECA-B73A-D9B5C0AD5D41}.AppStore|iPhoneSimulator.Build.0 = Release|x86
		{8E725612-0C1B-4ECA-B73A-D9B5C0AD5D41}.AppStore|iPhoneSimulator.Deploy.0 = Release|x86
		{8E725612-0C1B-4ECA-B73A-D9B5C0AD5D41}.AppStore|x64.ActiveCfg = Release|x64
		{8E725612-0C1B-4ECA-B73A-D9B5C0AD5D41}.AppStore|x64.Build.0 = Release|x64
		{8E725612-0C1B-4ECA-B73A-D9B5C0AD5D41}.AppStore|x64.Deploy.0 = Release|x64
		{8E725612-0C1B-4ECA-B73A-D9B5C0AD5D41}.AppStore|x86.ActiveCfg = Release|x86
		{8E725612-0C1B-4ECA-B73A-D9B5C0AD5D41}.AppStore|x86.Build.0 = Release|x86
		{8E725612-0C1B-4ECA-B73A-D9B5C0AD5D41}.AppStore|x86.Deploy.0 = Release|x86
		{8E725612-0C1B-4ECA-B73A-D9B5C0AD5D41}.Debug|Any CPU.ActiveCfg = Debug|x86
		{8E725612-0C1B-4ECA-B73A-D9B5C0AD5D41}.Debug|ARM.ActiveCfg = Debug|ARM
		{8E725612-0C1B-4ECA-B73A-D9B5C0AD5D41}.Debug|ARM.Build.0 = Debug|ARM
		{8E725612-0C1B-4ECA-B73A-D9B5C0AD5D41}.Debug|ARM.Deploy.0 = Debug|ARM
		{8E725612-0C1B-4ECA-B73A-D9B5C0AD5D41}.Debug|iPhone.ActiveCfg = Debug|x86
		{8E725612-0C1B-4ECA-B73A-D9B5C0AD5D41}.Debug|iPhoneSimulator.ActiveCfg = Debug|x86
		{8E725612-0C1B-4ECA-B73A-D9B5C0AD5D41}.Debug|x64.ActiveCfg = Debug|x64
		{8E725612-0C1B-4ECA-B73A-D9B5C0AD5D41}.Debug|x64.Build.0 = Debug|x64
		{8E725612-0C1B-4ECA-B73A-D9B5C0AD5D41}.Debug|x64.Deploy.0 = Debug|x64
		{8E725612-0C1B-4ECA-B73A-D9B5C0AD5D41}.Debug|x86.ActiveCfg = Debug|x86
		{8E725612-0C1B-4ECA-B73A-D9B5C0AD5D41}.Debug|x86.Build.0 = Debug|x86
		{8E725612-0C1B-4ECA-B73A-D9B5C0AD5D41}.Debug|x86.Deploy.0 = Debug|x86
		{8E725612-0C1B-4ECA-B73A-D9B5C0AD5D41}.Release|Any CPU.ActiveCfg = Release|x86
		{8E725612-0C1B-4ECA-B73A-D9B5C0AD5D41}.Release|ARM.ActiveCfg = Release|ARM
		{8E725612-0C1B-4ECA-B73A-D9B5C0AD5D41}.Release|ARM.Build.0 = Release|ARM
		{8E725612-0C1B-4ECA-B73A-D9B5C0AD5D41}.Release|ARM.Deploy.0 = Release|ARM
		{8E725612-0C1B-4ECA-B73A-D9B5C0AD5D41}.Release|iPhone.ActiveCfg = Release|x86
		{8E725612-0C1B-4ECA-B73A-D9B5C0AD5D41}.Release|iPhoneSimulator.ActiveCfg = Release|x86
		{8E725612-0C1B-4ECA-B73A-D9B5C0AD5D41}.Release|x64.ActiveCfg = Release|x64
		{8E725612-0C1B-4ECA-B73A-D9B5C0AD5D41}.Release|x64.Build.0 = Release|x64
		{8E725612-0C1B-4ECA-B73A-D9B5C0AD5D41}.Release|x64.Deploy.0 = Release|x64
		{8E725612-0C1B-4ECA-B73A-D9B5C0AD5D41}.Release|x86.ActiveCfg = Release|x86
		{8E725612-0C1B-4ECA-B73A-D9B5C0AD5D41}.Release|x86.Build.0 = Release|x86
		{8E725612-0C1B-4ECA-B73A-D9B5C0AD5D41}.Release|x86.Deploy.0 = Release|x86
	EndGlobalSection
	GlobalSection(SolutionProperties) = preSolution
		HideSolutionNode = FALSE
	EndGlobalSection
	GlobalSection(ExtensibilityGlobals) = postSolution
		SolutionGuid = {3AE45D16-CFDC-4F20-A9DB-FC5E2B209FAC}
	EndGlobalSection
EndGlobal
