
Microsoft Visual Studio Solution File, Format Version 12.00
# Visual Studio 15
VisualStudioVersion = 15.0.27130.2036
MinimumVisualStudioVersion = 10.0.40219.1
Project("{FAE04EC0-301F-11D3-BF4B-00C04F79EFBC}") = "GPlanner.Android", "GPlanner\GPlanner.Android\GPlanner.Android.csproj", "{C10AA061-1B61-4527-BD37-816B41110E0A}"
EndProject
Project("{FAE04EC0-301F-11D3-BF4B-00C04F79EFBC}") = "GPlanner.iOS", "GPlanner\GPlanner.iOS\GPlanner.iOS.csproj", "{A3B1B14F-7DA9-4528-9E7C-3B06A1A148D2}"
EndProject
Project("{FAE04EC0-301F-11D3-BF4B-00C04F79EFBC}") = "GPlanner.UWP", "GPlanner\GPlanner.UWP\GPlanner.UWP.csproj", "{92741DA7-F731-4E8A-9C77-D5CE98862917}"
EndProject
Project("{FAE04EC0-301F-11D3-BF4B-00C04F79EFBC}") = "GPlanner", "GPlanner\GPlanner\GPlanner.csproj", "{BA4FB70D-5F1A-41D6-A63D-D4AE2228729E}"
EndProject
Global
	GlobalSection(SolutionConfigurationPlatforms) = preSolution
		Ad-Hoc|Any CPU = Ad-Hoc|Any CPU
		Ad-Hoc|ARM = Ad-Hoc|ARM
		Ad-Hoc|iPhone = Ad-Hoc|iPhone
		Ad-Hoc|iPhoneSimulator = Ad-Hoc|iPhoneSimulator
		Ad-Hoc|x64 = Ad-Hoc|x64
		Ad-Hoc|x86 = Ad-Hoc|x86
		AppStore|Any CPU = AppStore|Any CPU
		AppStore|ARM = AppStore|ARM
		AppStore|iPhone = AppStore|iPhone
		AppStore|iPhoneSimulator = AppStore|iPhoneSimulator
		AppStore|x64 = AppStore|x64
		AppStore|x86 = AppStore|x86
		Debug|Any CPU = Debug|Any CPU
		Debug|ARM = Debug|ARM
		Debug|iPhone = Debug|iPhone
		Debug|iPhoneSimulator = Debug|iPhoneSimulator
		Debug|x64 = Debug|x64
		Debug|x86 = Debug|x86
		Release|Any CPU = Release|Any CPU
		Release|ARM = Release|ARM
		Release|iPhone = Release|iPhone
		Release|iPhoneSimulator = Release|iPhoneSimulator
		Release|x64 = Release|x64
		Release|x86 = Release|x86
	EndGlobalSection
	GlobalSection(ProjectConfigurationPlatforms) = postSolution
		{C10AA061-1B61-4527-BD37-816B41110E0A}.Ad-Hoc|Any CPU.ActiveCfg = Release|Any CPU
		{C10AA061-1B61-4527-BD37-816B41110E0A}.Ad-Hoc|Any CPU.Build.0 = Release|Any CPU
		{C10AA061-1B61-4527-BD37-816B41110E0A}.Ad-Hoc|Any CPU.Deploy.0 = Release|Any CPU
		{C10AA061-1B61-4527-BD37-816B41110E0A}.Ad-Hoc|ARM.ActiveCfg = Release|Any CPU
		{C10AA061-1B61-4527-BD37-816B41110E0A}.Ad-Hoc|ARM.Build.0 = Release|Any CPU
		{C10AA061-1B61-4527-BD37-816B41110E0A}.Ad-Hoc|ARM.Deploy.0 = Release|Any CPU
		{C10AA061-1B61-4527-BD37-816B41110E0A}.Ad-Hoc|iPhone.ActiveCfg = Release|Any CPU
		{C10AA061-1B61-4527-BD37-816B41110E0A}.Ad-Hoc|iPhone.Build.0 = Release|Any CPU
		{C10AA061-1B61-4527-BD37-816B41110E0A}.Ad-Hoc|iPhone.Deploy.0 = Release|Any CPU
		{C10AA061-1B61-4527-BD37-816B41110E0A}.Ad-Hoc|iPhoneSimulator.ActiveCfg = Release|Any CPU
		{C10AA061-1B61-4527-BD37-816B41110E0A}.Ad-Hoc|iPhoneSimulator.Build.0 = Release|Any CPU
		{C10AA061-1B61-4527-BD37-816B41110E0A}.Ad-Hoc|iPhoneSimulator.Deploy.0 = Release|Any CPU
		{C10AA061-1B61-4527-BD37-816B41110E0A}.Ad-Hoc|x64.ActiveCfg = Release|Any CPU
		{C10AA061-1B61-4527-BD37-816B41110E0A}.Ad-Hoc|x64.Build.0 = Release|Any CPU
		{C10AA061-1B61-4527-BD37-816B41110E0A}.Ad-Hoc|x64.Deploy.0 = Release|Any CPU
		{C10AA061-1B61-4527-BD37-816B41110E0A}.Ad-Hoc|x86.ActiveCfg = Release|Any CPU
		{C10AA061-1B61-4527-BD37-816B41110E0A}.Ad-Hoc|x86.Build.0 = Release|Any CPU
		{C10AA061-1B61-4527-BD37-816B41110E0A}.Ad-Hoc|x86.Deploy.0 = Release|Any CPU
		{C10AA061-1B61-4527-BD37-816B41110E0A}.AppStore|Any CPU.ActiveCfg = Release|Any CPU
		{C10AA061-1B61-4527-BD37-816B41110E0A}.AppStore|Any CPU.Build.0 = Release|Any CPU
		{C10AA061-1B61-4527-BD37-816B41110E0A}.AppStore|Any CPU.Deploy.0 = Release|Any CPU
		{C10AA061-1B61-4527-BD37-816B41110E0A}.AppStore|ARM.ActiveCfg = Release|Any CPU
		{C10AA061-1B61-4527-BD37-816B41110E0A}.AppStore|ARM.Build.0 = Release|Any CPU
		{C10AA061-1B61-4527-BD37-816B41110E0A}.AppStore|ARM.Deploy.0 = Release|Any CPU
		{C10AA061-1B61-4527-BD37-816B41110E0A}.AppStore|iPhone.ActiveCfg = Release|Any CPU
		{C10AA061-1B61-4527-BD37-816B41110E0A}.AppStore|iPhone.Build.0 = Release|Any CPU
		{C10AA061-1B61-4527-BD37-816B41110E0A}.AppStore|iPhone.Deploy.0 = Release|Any CPU
		{C10AA061-1B61-4527-BD37-816B41110E0A}.AppStore|iPhoneSimulator.ActiveCfg = Release|Any CPU
		{C10AA061-1B61-4527-BD37-816B41110E0A}.AppStore|iPhoneSimulator.Build.0 = Release|Any CPU
		{C10AA061-1B61-4527-BD37-816B41110E0A}.AppStore|iPhoneSimulator.Deploy.0 = Release|Any CPU
		{C10AA061-1B61-4527-BD37-816B41110E0A}.AppStore|x64.ActiveCfg = Release|Any CPU
		{C10AA061-1B61-4527-BD37-816B41110E0A}.AppStore|x64.Build.0 = Release|Any CPU
		{C10AA061-1B61-4527-BD37-816B41110E0A}.AppStore|x64.Deploy.0 = Release|Any CPU
		{C10AA061-1B61-4527-BD37-816B41110E0A}.AppStore|x86.ActiveCfg = Release|Any CPU
		{C10AA061-1B61-4527-BD37-816B41110E0A}.AppStore|x86.Build.0 = Release|Any CPU
		{C10AA061-1B61-4527-BD37-816B41110E0A}.AppStore|x86.Deploy.0 = Release|Any CPU
		{C10AA061-1B61-4527-BD37-816B41110E0A}.Debug|Any CPU.ActiveCfg = Debug|Any CPU
		{C10AA061-1B61-4527-BD37-816B41110E0A}.Debug|Any CPU.Build.0 = Debug|Any CPU
		{C10AA061-1B61-4527-BD37-816B41110E0A}.Debug|Any CPU.Deploy.0 = Debug|Any CPU
		{C10AA061-1B61-4527-BD37-816B41110E0A}.Debug|ARM.ActiveCfg = Debug|Any CPU
		{C10AA061-1B61-4527-BD37-816B41110E0A}.Debug|ARM.Build.0 = Debug|Any CPU
		{C10AA061-1B61-4527-BD37-816B41110E0A}.Debug|ARM.Deploy.0 = Debug|Any CPU
		{C10AA061-1B61-4527-BD37-816B41110E0A}.Debug|iPhone.ActiveCfg = Debug|Any CPU
		{C10AA061-1B61-4527-BD37-816B41110E0A}.Debug|iPhone.Build.0 = Debug|Any CPU
		{C10AA061-1B61-4527-BD37-816B41110E0A}.Debug|iPhone.Deploy.0 = Debug|Any CPU
		{C10AA061-1B61-4527-BD37-816B41110E0A}.Debug|iPhoneSimulator.ActiveCfg = Debug|Any CPU
		{C10AA061-1B61-4527-BD37-816B41110E0A}.Debug|iPhoneSimulator.Build.0 = Debug|Any CPU
		{C10AA061-1B61-4527-BD37-816B41110E0A}.Debug|iPhoneSimulator.Deploy.0 = Debug|Any CPU
		{C10AA061-1B61-4527-BD37-816B41110E0A}.Debug|x64.ActiveCfg = Debug|Any CPU
		{C10AA061-1B61-4527-BD37-816B41110E0A}.Debug|x64.Build.0 = Debug|Any CPU
		{C10AA061-1B61-4527-BD37-816B41110E0A}.Debug|x64.Deploy.0 = Debug|Any CPU
		{C10AA061-1B61-4527-BD37-816B41110E0A}.Debug|x86.ActiveCfg = Debug|Any CPU
		{C10AA061-1B61-4527-BD37-816B41110E0A}.Debug|x86.Build.0 = Debug|Any CPU
		{C10AA061-1B61-4527-BD37-816B41110E0A}.Debug|x86.Deploy.0 = Debug|Any CPU
		{C10AA061-1B61-4527-BD37-816B41110E0A}.Release|Any CPU.ActiveCfg = Release|Any CPU
		{C10AA061-1B61-4527-BD37-816B41110E0A}.Release|Any CPU.Build.0 = Release|Any CPU
		{C10AA061-1B61-4527-BD37-816B41110E0A}.Release|Any CPU.Deploy.0 = Release|Any CPU
		{C10AA061-1B61-4527-BD37-816B41110E0A}.Release|ARM.ActiveCfg = Release|Any CPU
		{C10AA061-1B61-4527-BD37-816B41110E0A}.Release|ARM.Build.0 = Release|Any CPU
		{C10AA061-1B61-4527-BD37-816B41110E0A}.Release|ARM.Deploy.0 = Release|Any CPU
		{C10AA061-1B61-4527-BD37-816B41110E0A}.Release|iPhone.ActiveCfg = Release|Any CPU
		{C10AA061-1B61-4527-BD37-816B41110E0A}.Release|iPhone.Build.0 = Release|Any CPU
		{C10AA061-1B61-4527-BD37-816B41110E0A}.Release|iPhone.Deploy.0 = Release|Any CPU
		{C10AA061-1B61-4527-BD37-816B41110E0A}.Release|iPhoneSimulator.ActiveCfg = Release|Any CPU
		{C10AA061-1B61-4527-BD37-816B41110E0A}.Release|iPhoneSimulator.Build.0 = Release|Any CPU
		{C10AA061-1B61-4527-BD37-816B41110E0A}.Release|iPhoneSimulator.Deploy.0 = Release|Any CPU
		{C10AA061-1B61-4527-BD37-816B41110E0A}.Release|x64.ActiveCfg = Release|Any CPU
		{C10AA061-1B61-4527-BD37-816B41110E0A}.Release|x64.Build.0 = Release|Any CPU
		{C10AA061-1B61-4527-BD37-816B41110E0A}.Release|x64.Deploy.0 = Release|Any CPU
		{C10AA061-1B61-4527-BD37-816B41110E0A}.Release|x86.ActiveCfg = Release|Any CPU
		{C10AA061-1B61-4527-BD37-816B41110E0A}.Release|x86.Build.0 = Release|Any CPU
		{C10AA061-1B61-4527-BD37-816B41110E0A}.Release|x86.Deploy.0 = Release|Any CPU
		{A3B1B14F-7DA9-4528-9E7C-3B06A1A148D2}.Ad-Hoc|Any CPU.ActiveCfg = Ad-Hoc|iPhone
		{A3B1B14F-7DA9-4528-9E7C-3B06A1A148D2}.Ad-Hoc|ARM.ActiveCfg = Ad-Hoc|iPhone
		{A3B1B14F-7DA9-4528-9E7C-3B06A1A148D2}.Ad-Hoc|iPhone.ActiveCfg = Ad-Hoc|iPhone
		{A3B1B14F-7DA9-4528-9E7C-3B06A1A148D2}.Ad-Hoc|iPhone.Build.0 = Ad-Hoc|iPhone
		{A3B1B14F-7DA9-4528-9E7C-3B06A1A148D2}.Ad-Hoc|iPhoneSimulator.ActiveCfg = Ad-Hoc|iPhoneSimulator
		{A3B1B14F-7DA9-4528-9E7C-3B06A1A148D2}.Ad-Hoc|iPhoneSimulator.Build.0 = Ad-Hoc|iPhoneSimulator
		{A3B1B14F-7DA9-4528-9E7C-3B06A1A148D2}.Ad-Hoc|x64.ActiveCfg = Ad-Hoc|iPhone
		{A3B1B14F-7DA9-4528-9E7C-3B06A1A148D2}.Ad-Hoc|x86.ActiveCfg = Ad-Hoc|iPhone
		{A3B1B14F-7DA9-4528-9E7C-3B06A1A148D2}.AppStore|Any CPU.ActiveCfg = AppStore|iPhone
		{A3B1B14F-7DA9-4528-9E7C-3B06A1A148D2}.AppStore|ARM.ActiveCfg = AppStore|iPhone
		{A3B1B14F-7DA9-4528-9E7C-3B06A1A148D2}.AppStore|iPhone.ActiveCfg = AppStore|iPhone
		{A3B1B14F-7DA9-4528-9E7C-3B06A1A148D2}.AppStore|iPhone.Build.0 = AppStore|iPhone
		{A3B1B14F-7DA9-4528-9E7C-3B06A1A148D2}.AppStore|iPhoneSimulator.ActiveCfg = AppStore|iPhoneSimulator
		{A3B1B14F-7DA9-4528-9E7C-3B06A1A148D2}.AppStore|iPhoneSimulator.Build.0 = AppStore|iPhoneSimulator
		{A3B1B14F-7DA9-4528-9E7C-3B06A1A148D2}.AppStore|x64.ActiveCfg = AppStore|iPhone
		{A3B1B14F-7DA9-4528-9E7C-3B06A1A148D2}.AppStore|x86.ActiveCfg = AppStore|iPhone
		{A3B1B14F-7DA9-4528-9E7C-3B06A1A148D2}.Debug|Any CPU.ActiveCfg = Debug|iPhone
		{A3B1B14F-7DA9-4528-9E7C-3B06A1A148D2}.Debug|ARM.ActiveCfg = Debug|iPhone
		{A3B1B14F-7DA9-4528-9E7C-3B06A1A148D2}.Debug|iPhone.ActiveCfg = Debug|iPhone
		{A3B1B14F-7DA9-4528-9E7C-3B06A1A148D2}.Debug|iPhone.Build.0 = Debug|iPhone
		{A3B1B14F-7DA9-4528-9E7C-3B06A1A148D2}.Debug|iPhoneSimulator.ActiveCfg = Debug|iPhoneSimulator
		{A3B1B14F-7DA9-4528-9E7C-3B06A1A148D2}.Debug|iPhoneSimulator.Build.0 = Debug|iPhoneSimulator
		{A3B1B14F-7DA9-4528-9E7C-3B06A1A148D2}.Debug|x64.ActiveCfg = Debug|iPhone
		{A3B1B14F-7DA9-4528-9E7C-3B06A1A148D2}.Debug|x86.ActiveCfg = Debug|iPhone
		{A3B1B14F-7DA9-4528-9E7C-3B06A1A148D2}.Release|Any CPU.ActiveCfg = Release|iPhone
		{A3B1B14F-7DA9-4528-9E7C-3B06A1A148D2}.Release|ARM.ActiveCfg = Release|iPhone
		{A3B1B14F-7DA9-4528-9E7C-3B06A1A148D2}.Release|iPhone.ActiveCfg = Release|iPhone
		{A3B1B14F-7DA9-4528-9E7C-3B06A1A148D2}.Release|iPhone.Build.0 = Release|iPhone
		{A3B1B14F-7DA9-4528-9E7C-3B06A1A148D2}.Release|iPhoneSimulator.ActiveCfg = Release|iPhoneSimulator
		{A3B1B14F-7DA9-4528-9E7C-3B06A1A148D2}.Release|iPhoneSimulator.Build.0 = Release|iPhoneSimulator
		{A3B1B14F-7DA9-4528-9E7C-3B06A1A148D2}.Release|x64.ActiveCfg = Release|iPhone
		{A3B1B14F-7DA9-4528-9E7C-3B06A1A148D2}.Release|x86.ActiveCfg = Release|iPhone
		{92741DA7-F731-4E8A-9C77-D5CE98862917}.Ad-Hoc|Any CPU.ActiveCfg = Release|x86
		{92741DA7-F731-4E8A-9C77-D5CE98862917}.Ad-Hoc|Any CPU.Build.0 = Release|x86
		{92741DA7-F731-4E8A-9C77-D5CE98862917}.Ad-Hoc|Any CPU.Deploy.0 = Release|x86
		{92741DA7-F731-4E8A-9C77-D5CE98862917}.Ad-Hoc|ARM.ActiveCfg = Release|ARM
		{92741DA7-F731-4E8A-9C77-D5CE98862917}.Ad-Hoc|ARM.Build.0 = Release|ARM
		{92741DA7-F731-4E8A-9C77-D5CE98862917}.Ad-Hoc|ARM.Deploy.0 = Release|ARM
		{92741DA7-F731-4E8A-9C77-D5CE98862917}.Ad-Hoc|iPhone.ActiveCfg = Release|x86
		{92741DA7-F731-4E8A-9C77-D5CE98862917}.Ad-Hoc|iPhone.Build.0 = Release|x86
		{92741DA7-F731-4E8A-9C77-D5CE98862917}.Ad-Hoc|iPhone.Deploy.0 = Release|x86
		{92741DA7-F731-4E8A-9C77-D5CE98862917}.Ad-Hoc|iPhoneSimulator.ActiveCfg = Release|x86
		{92741DA7-F731-4E8A-9C77-D5CE98862917}.Ad-Hoc|iPhoneSimulator.Build.0 = Release|x86
		{92741DA7-F731-4E8A-9C77-D5CE98862917}.Ad-Hoc|iPhoneSimulator.Deploy.0 = Release|x86
		{92741DA7-F731-4E8A-9C77-D5CE98862917}.Ad-Hoc|x64.ActiveCfg = Release|x64
		{92741DA7-F731-4E8A-9C77-D5CE98862917}.Ad-Hoc|x64.Build.0 = Release|x64
		{92741DA7-F731-4E8A-9C77-D5CE98862917}.Ad-Hoc|x64.Deploy.0 = Release|x64
		{92741DA7-F731-4E8A-9C77-D5CE98862917}.Ad-Hoc|x86.ActiveCfg = Release|x86
		{92741DA7-F731-4E8A-9C77-D5CE98862917}.Ad-Hoc|x86.Build.0 = Release|x86
		{92741DA7-F731-4E8A-9C77-D5CE98862917}.Ad-Hoc|x86.Deploy.0 = Release|x86
		{92741DA7-F731-4E8A-9C77-D5CE98862917}.AppStore|Any CPU.ActiveCfg = Release|x86
		{92741DA7-F731-4E8A-9C77-D5CE98862917}.AppStore|Any CPU.Build.0 = Release|x86
		{92741DA7-F731-4E8A-9C77-D5CE98862917}.AppStore|Any CPU.Deploy.0 = Release|x86
		{92741DA7-F731-4E8A-9C77-D5CE98862917}.AppStore|ARM.ActiveCfg = Release|ARM
		{92741DA7-F731-4E8A-9C77-D5CE98862917}.AppStore|ARM.Build.0 = Release|ARM
		{92741DA7-F731-4E8A-9C77-D5CE98862917}.AppStore|ARM.Deploy.0 = Release|ARM
		{92741DA7-F731-4E8A-9C77-D5CE98862917}.AppStore|iPhone.ActiveCfg = Release|x86
		{92741DA7-F731-4E8A-9C77-D5CE98862917}.AppStore|iPhone.Build.0 = Release|x86
		{92741DA7-F731-4E8A-9C77-D5CE98862917}.AppStore|iPhone.Deploy.0 = Release|x86
		{92741DA7-F731-4E8A-9C77-D5CE98862917}.AppStore|iPhoneSimulator.ActiveCfg = Release|x86
		{92741DA7-F731-4E8A-9C77-D5CE98862917}.AppStore|iPhoneSimulator.Build.0 = Release|x86
		{92741DA7-F731-4E8A-9C77-D5CE98862917}.AppStore|iPhoneSimulator.Deploy.0 = Release|x86
		{92741DA7-F731-4E8A-9C77-D5CE98862917}.AppStore|x64.ActiveCfg = Release|x64
		{92741DA7-F731-4E8A-9C77-D5CE98862917}.AppStore|x64.Build.0 = Release|x64
		{92741DA7-F731-4E8A-9C77-D5CE98862917}.AppStore|x64.Deploy.0 = Release|x64
		{92741DA7-F731-4E8A-9C77-D5CE98862917}.AppStore|x86.ActiveCfg = Release|x86
		{92741DA7-F731-4E8A-9C77-D5CE98862917}.AppStore|x86.Build.0 = Release|x86
		{92741DA7-F731-4E8A-9C77-D5CE98862917}.AppStore|x86.Deploy.0 = Release|x86
		{92741DA7-F731-4E8A-9C77-D5CE98862917}.Debug|Any CPU.ActiveCfg = Debug|x86
		{92741DA7-F731-4E8A-9C77-D5CE98862917}.Debug|ARM.ActiveCfg = Debug|ARM
		{92741DA7-F731-4E8A-9C77-D5CE98862917}.Debug|ARM.Build.0 = Debug|ARM
		{92741DA7-F731-4E8A-9C77-D5CE98862917}.Debug|ARM.Deploy.0 = Debug|ARM
		{92741DA7-F731-4E8A-9C77-D5CE98862917}.Debug|iPhone.ActiveCfg = Debug|x86
		{92741DA7-F731-4E8A-9C77-D5CE98862917}.Debug|iPhoneSimulator.ActiveCfg = Debug|x86
		{92741DA7-F731-4E8A-9C77-D5CE98862917}.Debug|x64.ActiveCfg = Debug|x64
		{92741DA7-F731-4E8A-9C77-D5CE98862917}.Debug|x64.Build.0 = Debug|x64
		{92741DA7-F731-4E8A-9C77-D5CE98862917}.Debug|x64.Deploy.0 = Debug|x64
		{92741DA7-F731-4E8A-9C77-D5CE98862917}.Debug|x86.ActiveCfg = Debug|x86
		{92741DA7-F731-4E8A-9C77-D5CE98862917}.Debug|x86.Build.0 = Debug|x86
		{92741DA7-F731-4E8A-9C77-D5CE98862917}.Debug|x86.Deploy.0 = Debug|x86
		{92741DA7-F731-4E8A-9C77-D5CE98862917}.Release|Any CPU.ActiveCfg = Release|x86
		{92741DA7-F731-4E8A-9C77-D5CE98862917}.Release|ARM.ActiveCfg = Release|ARM
		{92741DA7-F731-4E8A-9C77-D5CE98862917}.Release|ARM.Build.0 = Release|ARM
		{92741DA7-F731-4E8A-9C77-D5CE98862917}.Release|ARM.Deploy.0 = Release|ARM
		{92741DA7-F731-4E8A-9C77-D5CE98862917}.Release|iPhone.ActiveCfg = Release|x86
		{92741DA7-F731-4E8A-9C77-D5CE98862917}.Release|iPhoneSimulator.ActiveCfg = Release|x86
		{92741DA7-F731-4E8A-9C77-D5CE98862917}.Release|x64.ActiveCfg = Release|x64
		{92741DA7-F731-4E8A-9C77-D5CE98862917}.Release|x64.Build.0 = Release|x64
		{92741DA7-F731-4E8A-9C77-D5CE98862917}.Release|x64.Deploy.0 = Release|x64
		{92741DA7-F731-4E8A-9C77-D5CE98862917}.Release|x86.ActiveCfg = Release|x86
		{92741DA7-F731-4E8A-9C77-D5CE98862917}.Release|x86.Build.0 = Release|x86
		{92741DA7-F731-4E8A-9C77-D5CE98862917}.Release|x86.Deploy.0 = Release|x86
		{BA4FB70D-5F1A-41D6-A63D-D4AE2228729E}.Ad-Hoc|Any CPU.ActiveCfg = Debug|Any CPU
		{BA4FB70D-5F1A-41D6-A63D-D4AE2228729E}.Ad-Hoc|Any CPU.Build.0 = Debug|Any CPU
		{BA4FB70D-5F1A-41D6-A63D-D4AE2228729E}.Ad-Hoc|ARM.ActiveCfg = Debug|Any CPU
		{BA4FB70D-5F1A-41D6-A63D-D4AE2228729E}.Ad-Hoc|ARM.Build.0 = Debug|Any CPU
		{BA4FB70D-5F1A-41D6-A63D-D4AE2228729E}.Ad-Hoc|iPhone.ActiveCfg = Debug|Any CPU
		{BA4FB70D-5F1A-41D6-A63D-D4AE2228729E}.Ad-Hoc|iPhone.Build.0 = Debug|Any CPU
		{BA4FB70D-5F1A-41D6-A63D-D4AE2228729E}.Ad-Hoc|iPhoneSimulator.ActiveCfg = Debug|Any CPU
		{BA4FB70D-5F1A-41D6-A63D-D4AE2228729E}.Ad-Hoc|iPhoneSimulator.Build.0 = Debug|Any CPU
		{BA4FB70D-5F1A-41D6-A63D-D4AE2228729E}.Ad-Hoc|x64.ActiveCfg = Debug|Any CPU
		{BA4FB70D-5F1A-41D6-A63D-D4AE2228729E}.Ad-Hoc|x64.Build.0 = Debug|Any CPU
		{BA4FB70D-5F1A-41D6-A63D-D4AE2228729E}.Ad-Hoc|x86.ActiveCfg = Debug|Any CPU
		{BA4FB70D-5F1A-41D6-A63D-D4AE2228729E}.Ad-Hoc|x86.Build.0 = Debug|Any CPU
		{BA4FB70D-5F1A-41D6-A63D-D4AE2228729E}.AppStore|Any CPU.ActiveCfg = Debug|Any CPU
		{BA4FB70D-5F1A-41D6-A63D-D4AE2228729E}.AppStore|Any CPU.Build.0 = Debug|Any CPU
		{BA4FB70D-5F1A-41D6-A63D-D4AE2228729E}.AppStore|ARM.ActiveCfg = Debug|Any CPU
		{BA4FB70D-5F1A-41D6-A63D-D4AE2228729E}.AppStore|ARM.Build.0 = Debug|Any CPU
		{BA4FB70D-5F1A-41D6-A63D-D4AE2228729E}.AppStore|iPhone.ActiveCfg = Debug|Any CPU
		{BA4FB70D-5F1A-41D6-A63D-D4AE2228729E}.AppStore|iPhone.Build.0 = Debug|Any CPU
		{BA4FB70D-5F1A-41D6-A63D-D4AE2228729E}.AppStore|iPhoneSimulator.ActiveCfg = Debug|Any CPU
		{BA4FB70D-5F1A-41D6-A63D-D4AE2228729E}.AppStore|iPhoneSimulator.Build.0 = Debug|Any CPU
		{BA4FB70D-5F1A-41D6-A63D-D4AE2228729E}.AppStore|x64.ActiveCfg = Debug|Any CPU
		{BA4FB70D-5F1A-41D6-A63D-D4AE2228729E}.AppStore|x64.Build.0 = Debug|Any CPU
		{BA4FB70D-5F1A-41D6-A63D-D4AE2228729E}.AppStore|x86.ActiveCfg = Debug|Any CPU
		{BA4FB70D-5F1A-41D6-A63D-D4AE2228729E}.AppStore|x86.Build.0 = Debug|Any CPU
		{BA4FB70D-5F1A-41D6-A63D-D4AE2228729E}.Debug|Any CPU.ActiveCfg = Debug|Any CPU
		{BA4FB70D-5F1A-41D6-A63D-D4AE2228729E}.Debug|Any CPU.Build.0 = Debug|Any CPU
		{BA4FB70D-5F1A-41D6-A63D-D4AE2228729E}.Debug|ARM.ActiveCfg = Debug|Any CPU
		{BA4FB70D-5F1A-41D6-A63D-D4AE2228729E}.Debug|ARM.Build.0 = Debug|Any CPU
		{BA4FB70D-5F1A-41D6-A63D-D4AE2228729E}.Debug|iPhone.ActiveCfg = Debug|Any CPU
		{BA4FB70D-5F1A-41D6-A63D-D4AE2228729E}.Debug|iPhone.Build.0 = Debug|Any CPU
		{BA4FB70D-5F1A-41D6-A63D-D4AE2228729E}.Debug|iPhoneSimulator.ActiveCfg = Debug|Any CPU
		{BA4FB70D-5F1A-41D6-A63D-D4AE2228729E}.Debug|iPhoneSimulator.Build.0 = Debug|Any CPU
		{BA4FB70D-5F1A-41D6-A63D-D4AE2228729E}.Debug|x64.ActiveCfg = Debug|Any CPU
		{BA4FB70D-5F1A-41D6-A63D-D4AE2228729E}.Debug|x64.Build.0 = Debug|Any CPU
		{BA4FB70D-5F1A-41D6-A63D-D4AE2228729E}.Debug|x86.ActiveCfg = Debug|Any CPU
		{BA4FB70D-5F1A-41D6-A63D-D4AE2228729E}.Debug|x86.Build.0 = Debug|Any CPU
		{BA4FB70D-5F1A-41D6-A63D-D4AE2228729E}.Release|Any CPU.ActiveCfg = Release|Any CPU
		{BA4FB70D-5F1A-41D6-A63D-D4AE2228729E}.Release|Any CPU.Build.0 = Release|Any CPU
		{BA4FB70D-5F1A-41D6-A63D-D4AE2228729E}.Release|ARM.ActiveCfg = Release|Any CPU
		{BA4FB70D-5F1A-41D6-A63D-D4AE2228729E}.Release|ARM.Build.0 = Release|Any CPU
		{BA4FB70D-5F1A-41D6-A63D-D4AE2228729E}.Release|iPhone.ActiveCfg = Release|Any CPU
		{BA4FB70D-5F1A-41D6-A63D-D4AE2228729E}.Release|iPhone.Build.0 = Release|Any CPU
		{BA4FB70D-5F1A-41D6-A63D-D4AE2228729E}.Release|iPhoneSimulator.ActiveCfg = Release|Any CPU
		{BA4FB70D-5F1A-41D6-A63D-D4AE2228729E}.Release|iPhoneSimulator.Build.0 = Release|Any CPU
		{BA4FB70D-5F1A-41D6-A63D-D4AE2228729E}.Release|x64.ActiveCfg = Release|Any CPU
		{BA4FB70D-5F1A-41D6-A63D-D4AE2228729E}.Release|x64.Build.0 = Release|Any CPU
		{BA4FB70D-5F1A-41D6-A63D-D4AE2228729E}.Release|x86.ActiveCfg = Release|Any CPU
		{BA4FB70D-5F1A-41D6-A63D-D4AE2228729E}.Release|x86.Build.0 = Release|Any CPU
	EndGlobalSection
	GlobalSection(SolutionProperties) = preSolution
		HideSolutionNode = FALSE
	EndGlobalSection
	GlobalSection(ExtensibilityGlobals) = postSolution
		SolutionGuid = {8897C30B-ED2D-4111-8FB2-602ECFA263F0}
	EndGlobalSection
EndGlobal
