
Microsoft Visual Studio Solution File, Format Version 12.00
# Visual Studio 15
VisualStudioVersion = 15.0.27703.2018
MinimumVisualStudioVersion = 10.0.40219.1
Project("{FAE04EC0-301F-11D3-BF4B-00C04F79EFBC}") = "GPlanner.Android", "GPlanner\GPlanner.Android\GPlanner.Android.csproj", "{5FD23541-366E-4918-93C0-74AF0BDB694B}"
EndProject
Project("{FAE04EC0-301F-11D3-BF4B-00C04F79EFBC}") = "GPlanner.iOS", "GPlanner\GPlanner.iOS\GPlanner.iOS.csproj", "{CCEE4251-0F50-45EB-8ED4-AAC8D2272BCF}"
EndProject
Project("{D954291E-2A0B-460D-934E-DC6B0785DB48}") = "GPlanner", "GPlanner\GPlanner\GPlanner.shproj", "{399BF810-721D-4548-A327-11CED0E415ED}"
EndProject
Global
	GlobalSection(SharedMSBuildProjectFiles) = preSolution
		GPlanner\GPlanner\GPlanner.projitems*{399bf810-721d-4548-a327-11ced0e415ed}*SharedItemsImports = 13
		GPlanner\GPlanner\GPlanner.projitems*{5fd23541-366e-4918-93c0-74af0bdb694b}*SharedItemsImports = 4
		GPlanner\GPlanner\GPlanner.projitems*{ccee4251-0f50-45eb-8ed4-aac8d2272bcf}*SharedItemsImports = 4
	EndGlobalSection
	GlobalSection(SolutionConfigurationPlatforms) = preSolution
		Ad-Hoc|Any CPU = Ad-Hoc|Any CPU
		Ad-Hoc|iPhone = Ad-Hoc|iPhone
		Ad-Hoc|iPhoneSimulator = Ad-Hoc|iPhoneSimulator
		AppStore|Any CPU = AppStore|Any CPU
		AppStore|iPhone = AppStore|iPhone
		AppStore|iPhoneSimulator = AppStore|iPhoneSimulator
		Debug|Any CPU = Debug|Any CPU
		Debug|iPhone = Debug|iPhone
		Debug|iPhoneSimulator = Debug|iPhoneSimulator
		Release|Any CPU = Release|Any CPU
		Release|iPhone = Release|iPhone
		Release|iPhoneSimulator = Release|iPhoneSimulator
	EndGlobalSection
	GlobalSection(ProjectConfigurationPlatforms) = postSolution
		{5FD23541-366E-4918-93C0-74AF0BDB694B}.Ad-Hoc|Any CPU.ActiveCfg = Release|Any CPU
		{5FD23541-366E-4918-93C0-74AF0BDB694B}.Ad-Hoc|Any CPU.Build.0 = Release|Any CPU
		{5FD23541-366E-4918-93C0-74AF0BDB694B}.Ad-Hoc|Any CPU.Deploy.0 = Release|Any CPU
		{5FD23541-366E-4918-93C0-74AF0BDB694B}.Ad-Hoc|iPhone.ActiveCfg = Release|Any CPU
		{5FD23541-366E-4918-93C0-74AF0BDB694B}.Ad-Hoc|iPhone.Build.0 = Release|Any CPU
		{5FD23541-366E-4918-93C0-74AF0BDB694B}.Ad-Hoc|iPhone.Deploy.0 = Release|Any CPU
		{5FD23541-366E-4918-93C0-74AF0BDB694B}.Ad-Hoc|iPhoneSimulator.ActiveCfg = Release|Any CPU
		{5FD23541-366E-4918-93C0-74AF0BDB694B}.Ad-Hoc|iPhoneSimulator.Build.0 = Release|Any CPU
		{5FD23541-366E-4918-93C0-74AF0BDB694B}.Ad-Hoc|iPhoneSimulator.Deploy.0 = Release|Any CPU
		{5FD23541-366E-4918-93C0-74AF0BDB694B}.AppStore|Any CPU.ActiveCfg = Release|Any CPU
		{5FD23541-366E-4918-93C0-74AF0BDB694B}.AppStore|Any CPU.Build.0 = Release|Any CPU
		{5FD23541-366E-4918-93C0-74AF0BDB694B}.AppStore|Any CPU.Deploy.0 = Release|Any CPU
		{5FD23541-366E-4918-93C0-74AF0BDB694B}.AppStore|iPhone.ActiveCfg = Release|Any CPU
		{5FD23541-366E-4918-93C0-74AF0BDB694B}.AppStore|iPhone.Build.0 = Release|Any CPU
		{5FD23541-366E-4918-93C0-74AF0BDB694B}.AppStore|iPhone.Deploy.0 = Release|Any CPU
		{5FD23541-366E-4918-93C0-74AF0BDB694B}.AppStore|iPhoneSimulator.ActiveCfg = Release|Any CPU
		{5FD23541-366E-4918-93C0-74AF0BDB694B}.AppStore|iPhoneSimulator.Build.0 = Release|Any CPU
		{5FD23541-366E-4918-93C0-74AF0BDB694B}.AppStore|iPhoneSimulator.Deploy.0 = Release|Any CPU
		{5FD23541-366E-4918-93C0-74AF0BDB694B}.Debug|Any CPU.ActiveCfg = Debug|Any CPU
		{5FD23541-366E-4918-93C0-74AF0BDB694B}.Debug|Any CPU.Build.0 = Debug|Any CPU
		{5FD23541-366E-4918-93C0-74AF0BDB694B}.Debug|Any CPU.Deploy.0 = Debug|Any CPU
		{5FD23541-366E-4918-93C0-74AF0BDB694B}.Debug|iPhone.ActiveCfg = Debug|Any CPU
		{5FD23541-366E-4918-93C0-74AF0BDB694B}.Debug|iPhone.Build.0 = Debug|Any CPU
		{5FD23541-366E-4918-93C0-74AF0BDB694B}.Debug|iPhone.Deploy.0 = Debug|Any CPU
		{5FD23541-366E-4918-93C0-74AF0BDB694B}.Debug|iPhoneSimulator.ActiveCfg = Debug|Any CPU
		{5FD23541-366E-4918-93C0-74AF0BDB694B}.Debug|iPhoneSimulator.Build.0 = Debug|Any CPU
		{5FD23541-366E-4918-93C0-74AF0BDB694B}.Debug|iPhoneSimulator.Deploy.0 = Debug|Any CPU
		{5FD23541-366E-4918-93C0-74AF0BDB694B}.Release|Any CPU.ActiveCfg = Release|Any CPU
		{5FD23541-366E-4918-93C0-74AF0BDB694B}.Release|Any CPU.Build.0 = Release|Any CPU
		{5FD23541-366E-4918-93C0-74AF0BDB694B}.Release|Any CPU.Deploy.0 = Release|Any CPU
		{5FD23541-366E-4918-93C0-74AF0BDB694B}.Release|iPhone.ActiveCfg = Release|Any CPU
		{5FD23541-366E-4918-93C0-74AF0BDB694B}.Release|iPhone.Build.0 = Release|Any CPU
		{5FD23541-366E-4918-93C0-74AF0BDB694B}.Release|iPhone.Deploy.0 = Release|Any CPU
		{5FD23541-366E-4918-93C0-74AF0BDB694B}.Release|iPhoneSimulator.ActiveCfg = Release|Any CPU
		{5FD23541-366E-4918-93C0-74AF0BDB694B}.Release|iPhoneSimulator.Build.0 = Release|Any CPU
		{5FD23541-366E-4918-93C0-74AF0BDB694B}.Release|iPhoneSimulator.Deploy.0 = Release|Any CPU
		{CCEE4251-0F50-45EB-8ED4-AAC8D2272BCF}.Ad-Hoc|Any CPU.ActiveCfg = Ad-Hoc|iPhone
		{CCEE4251-0F50-45EB-8ED4-AAC8D2272BCF}.Ad-Hoc|Any CPU.Build.0 = Ad-Hoc|iPhone
		{CCEE4251-0F50-45EB-8ED4-AAC8D2272BCF}.Ad-Hoc|Any CPU.Deploy.0 = Ad-Hoc|iPhone
		{CCEE4251-0F50-45EB-8ED4-AAC8D2272BCF}.Ad-Hoc|iPhone.ActiveCfg = Ad-Hoc|iPhone
		{CCEE4251-0F50-45EB-8ED4-AAC8D2272BCF}.Ad-Hoc|iPhone.Build.0 = Ad-Hoc|iPhone
		{CCEE4251-0F50-45EB-8ED4-AAC8D2272BCF}.Ad-Hoc|iPhone.Deploy.0 = Ad-Hoc|iPhone
		{CCEE4251-0F50-45EB-8ED4-AAC8D2272BCF}.Ad-Hoc|iPhoneSimulator.ActiveCfg = Ad-Hoc|iPhoneSimulator
		{CCEE4251-0F50-45EB-8ED4-AAC8D2272BCF}.Ad-Hoc|iPhoneSimulator.Build.0 = Ad-Hoc|iPhoneSimulator
		{CCEE4251-0F50-45EB-8ED4-AAC8D2272BCF}.Ad-Hoc|iPhoneSimulator.Deploy.0 = Ad-Hoc|iPhoneSimulator
		{CCEE4251-0F50-45EB-8ED4-AAC8D2272BCF}.AppStore|Any CPU.ActiveCfg = AppStore|iPhone
		{CCEE4251-0F50-45EB-8ED4-AAC8D2272BCF}.AppStore|Any CPU.Build.0 = AppStore|iPhone
		{CCEE4251-0F50-45EB-8ED4-AAC8D2272BCF}.AppStore|Any CPU.Deploy.0 = AppStore|iPhone
		{CCEE4251-0F50-45EB-8ED4-AAC8D2272BCF}.AppStore|iPhone.ActiveCfg = AppStore|iPhone
		{CCEE4251-0F50-45EB-8ED4-AAC8D2272BCF}.AppStore|iPhone.Build.0 = AppStore|iPhone
		{CCEE4251-0F50-45EB-8ED4-AAC8D2272BCF}.AppStore|iPhone.Deploy.0 = AppStore|iPhone
		{CCEE4251-0F50-45EB-8ED4-AAC8D2272BCF}.AppStore|iPhoneSimulator.ActiveCfg = AppStore|iPhoneSimulator
		{CCEE4251-0F50-45EB-8ED4-AAC8D2272BCF}.AppStore|iPhoneSimulator.Build.0 = AppStore|iPhoneSimulator
		{CCEE4251-0F50-45EB-8ED4-AAC8D2272BCF}.AppStore|iPhoneSimulator.Deploy.0 = AppStore|iPhoneSimulator
		{CCEE4251-0F50-45EB-8ED4-AAC8D2272BCF}.Debug|Any CPU.ActiveCfg = Debug|iPhoneSimulator
		{CCEE4251-0F50-45EB-8ED4-AAC8D2272BCF}.Debug|Any CPU.Build.0 = Debug|iPhoneSimulator
		{CCEE4251-0F50-45EB-8ED4-AAC8D2272BCF}.Debug|Any CPU.Deploy.0 = Debug|iPhoneSimulator
		{CCEE4251-0F50-45EB-8ED4-AAC8D2272BCF}.Debug|iPhone.ActiveCfg = Debug|iPhone
		{CCEE4251-0F50-45EB-8ED4-AAC8D2272BCF}.Debug|iPhone.Build.0 = Debug|iPhone
		{CCEE4251-0F50-45EB-8ED4-AAC8D2272BCF}.Debug|iPhone.Deploy.0 = Debug|iPhone
		{CCEE4251-0F50-45EB-8ED4-AAC8D2272BCF}.Debug|iPhoneSimulator.ActiveCfg = Debug|iPhoneSimulator
		{CCEE4251-0F50-45EB-8ED4-AAC8D2272BCF}.Debug|iPhoneSimulator.Build.0 = Debug|iPhoneSimulator
		{CCEE4251-0F50-45EB-8ED4-AAC8D2272BCF}.Debug|iPhoneSimulator.Deploy.0 = Debug|iPhoneSimulator
		{CCEE4251-0F50-45EB-8ED4-AAC8D2272BCF}.Release|Any CPU.ActiveCfg = Release|iPhone
		{CCEE4251-0F50-45EB-8ED4-AAC8D2272BCF}.Release|Any CPU.Build.0 = Release|iPhone
		{CCEE4251-0F50-45EB-8ED4-AAC8D2272BCF}.Release|Any CPU.Deploy.0 = Release|iPhone
		{CCEE4251-0F50-45EB-8ED4-AAC8D2272BCF}.Release|iPhone.ActiveCfg = Release|iPhone
		{CCEE4251-0F50-45EB-8ED4-AAC8D2272BCF}.Release|iPhone.Build.0 = Release|iPhone
		{CCEE4251-0F50-45EB-8ED4-AAC8D2272BCF}.Release|iPhone.Deploy.0 = Release|iPhone
		{CCEE4251-0F50-45EB-8ED4-AAC8D2272BCF}.Release|iPhoneSimulator.ActiveCfg = Release|iPhoneSimulator
		{CCEE4251-0F50-45EB-8ED4-AAC8D2272BCF}.Release|iPhoneSimulator.Build.0 = Release|iPhoneSimulator
		{CCEE4251-0F50-45EB-8ED4-AAC8D2272BCF}.Release|iPhoneSimulator.Deploy.0 = Release|iPhoneSimulator
	EndGlobalSection
	GlobalSection(SolutionProperties) = preSolution
		HideSolutionNode = FALSE
	EndGlobalSection
	GlobalSection(ExtensibilityGlobals) = postSolution
		SolutionGuid = {CA6A6F5C-DF9F-4440-9256-DD6813162BCE}
	EndGlobalSection
EndGlobal
